
Microsoft Visual Studio Solution File, Format Version 12.00
# Visual Studio 14
VisualStudioVersion = 14.0.23107.0
MinimumVisualStudioVersion = 10.0.40219.1
Project("{FAE04EC0-301F-11D3-BF4B-00C04F79EFBC}") = "bugtracker", "bugtracker\bugtracker.csproj", "{E2CAF6B5-B77B-45B9-9CA7-A5F9863CFB8A}"
EndProject
Project("{F088123C-0E9E-452A-89E6-6BA2F21D5CAC}") = "BugTrackerModeling", "BugTrackerModeling\BugTrackerModeling.modelproj", "{E7CBA5F9-BD6B-44B5-B261-072230AC680A}"
EndProject
Project("{FAE04EC0-301F-11D3-BF4B-00C04F79EFBC}") = "BugTrackerTesting", "BugTrackerTesting\BugTrackerTesting.csproj", "{9B62E453-E0BA-45D1-8EBB-28B5A58F36E2}"
EndProject
Global
	GlobalSection(SolutionConfigurationPlatforms) = preSolution
		Debug|Any CPU = Debug|Any CPU
		Release|Any CPU = Release|Any CPU
	EndGlobalSection
	GlobalSection(ProjectConfigurationPlatforms) = postSolution
		{E2CAF6B5-B77B-45B9-9CA7-A5F9863CFB8A}.Debug|Any CPU.ActiveCfg = Debug|Any CPU
		{E2CAF6B5-B77B-45B9-9CA7-A5F9863CFB8A}.Debug|Any CPU.Build.0 = Debug|Any CPU
		{E2CAF6B5-B77B-45B9-9CA7-A5F9863CFB8A}.Release|Any CPU.ActiveCfg = Release|Any CPU
		{E2CAF6B5-B77B-45B9-9CA7-A5F9863CFB8A}.Release|Any CPU.Build.0 = Release|Any CPU
		{E7CBA5F9-BD6B-44B5-B261-072230AC680A}.Debug|Any CPU.ActiveCfg = Debug|Any CPU
		{E7CBA5F9-BD6B-44B5-B261-072230AC680A}.Debug|Any CPU.Build.0 = Debug|Any CPU
		{E7CBA5F9-BD6B-44B5-B261-072230AC680A}.Release|Any CPU.ActiveCfg = Release|Any CPU
		{E7CBA5F9-BD6B-44B5-B261-072230AC680A}.Release|Any CPU.Build.0 = Release|Any CPU
		{9B62E453-E0BA-45D1-8EBB-28B5A58F36E2}.Debug|Any CPU.ActiveCfg = Debug|Any CPU
		{9B62E453-E0BA-45D1-8EBB-28B5A58F36E2}.Debug|Any CPU.Build.0 = Debug|Any CPU
		{9B62E453-E0BA-45D1-8EBB-28B5A58F36E2}.Release|Any CPU.ActiveCfg = Release|Any CPU
		{9B62E453-E0BA-45D1-8EBB-28B5A58F36E2}.Release|Any CPU.Build.0 = Release|Any CPU
	EndGlobalSection
	GlobalSection(SolutionProperties) = preSolution
		HideSolutionNode = FALSE
	EndGlobalSection
EndGlobal
